
Microsoft Visual Studio Solution File, Format Version 12.00
# Visual Studio Version 16
VisualStudioVersion = 16.0.29306.81
MinimumVisualStudioVersion = 10.0.40219.1
Project("{9A19103F-16F7-4668-BE54-9A1E7A4F7556}") = "GasMilageTracker", "GasMilageTracker.csproj", "{CE52DEA3-1FE8-4B62-99C4-6F8B084CB101}"
EndProject
Global
	GlobalSection(SolutionConfigurationPlatforms) = preSolution
		Debug|Any CPU = Debug|Any CPU
		Release|Any CPU = Release|Any CPU
	EndGlobalSection
	GlobalSection(ProjectConfigurationPlatforms) = postSolution
		{CE52DEA3-1FE8-4B62-99C4-6F8B084CB101}.Debug|Any CPU.ActiveCfg = Debug|Any CPU
		{CE52DEA3-1FE8-4B62-99C4-6F8B084CB101}.Debug|Any CPU.Build.0 = Debug|Any CPU
		{CE52DEA3-1FE8-4B62-99C4-6F8B084CB101}.Release|Any CPU.ActiveCfg = Release|Any CPU
		{CE52DEA3-1FE8-4B62-99C4-6F8B084CB101}.Release|Any CPU.Build.0 = Release|Any CPU
	EndGlobalSection
	GlobalSection(SolutionProperties) = preSolution
		HideSolutionNode = FALSE
	EndGlobalSection
	GlobalSection(ExtensibilityGlobals) = postSolution
		SolutionGuid = {FB921116-05E3-4EB5-A7F3-12C088451DE3}
	EndGlobalSection
EndGlobal
